<?xml version="1.0" encoding="utf-8"?>
<Project ToolsVersion="4.0" xmlns="http://schemas.microsoft.com/developer/msbuild/2003">
  <ItemGroup>
    <Filter Include="Fichiers sources">
      <UniqueIdentifier>{4FC737F1-C7A5-4376-A066-2A32D752A2FF}</UniqueIdentifier>
      <Extensions>cpp;c;cc;cxx;c++;cppm;ixx;def;odl;idl;hpj;bat;asm;asmx</Extensions>
    </Filter>
    <Filter Include="Fichiers d%27en-tête">
      <UniqueIdentifier>{93995380-89BD-4b04-88EB-625FBE52EBFB}</UniqueIdentifier>
      <Extensions>h;hh;hpp;hxx;h++;hm;inl;inc;ipp;xsd</Extensions>
    </Filter>
    <Filter Include="Fichiers de ressources">
      <UniqueIdentifier>{67DA6AB6-F800-4c08-8B7A-83BB121AAD01}</UniqueIdentifier>
      <Extensions>rc;ico;cur;bmp;dlg;rc2;rct;bin;rgs;gif;jpg;jpeg;jpe;resx;tiff;tif;png;wav;mfcribbon-ms</Extensions>
    </Filter>
  </ItemGroup>
  <ItemGroup>
    <ClInclude Include="framework.h">
      <Filter>Fichiers d%27en-tête</Filter>
    </ClInclude>
    <ClInclude Include="pch.h">
      <Filter>Fichiers d%27en-tête</Filter>
    </ClInclude>
    <ClInclude Include="..\Include\PNG\ChargePngFile.h">
      <Filter>Fichiers sources</Filter>
    </ClInclude>
    <ClInclude Include="..\Include\PNG\Espace3UC.h">
      <Filter>Fichiers sources</Filter>
    </ClInclude>
    <ClInclude Include="..\Include\PNG\Image.h">
      <Filter>Fichiers sources</Filter>
    </ClInclude>
    <ClInclude Include="..\Include\PNG\ImageUtils.h">
      <Filter>Fichiers sources</Filter>
    </ClInclude>
    <ClInclude Include="..\Include\PNG\PngFile.h">
      <Filter>Fichiers sources</Filter>
    </ClInclude>
    <ClInclude Include="..\Include\PNG\Png\cexcept.h">
      <Filter>Fichiers sources</Filter>
    </ClInclude>
    <ClInclude Include="..\Include\PNG\Png\crc32.h">
      <Filter>Fichiers sources</Filter>
    </ClInclude>
    <ClInclude Include="..\Include\PNG\Png\deflate.h">
      <Filter>Fichiers sources</Filter>
    </ClInclude>
    <ClInclude Include="..\Include\PNG\Png\inffast.h">
      <Filter>Fichiers sources</Filter>
    </ClInclude>
    <ClInclude Include="..\Include\PNG\Png\inffixed.h">
      <Filter>Fichiers sources</Filter>
    </ClInclude>
    <ClInclude Include="..\Include\PNG\Png\inflate.h">
      <Filter>Fichiers sources</Filter>
    </ClInclude>
    <ClInclude Include="..\Include\PNG\Png\inftrees.h">
      <Filter>Fichiers sources</Filter>
    </ClInclude>
    <ClInclude Include="..\Include\PNG\Png\png.h">
      <Filter>Fichiers sources</Filter>
    </ClInclude>
    <ClInclude Include="..\Include\PNG\Png\pngconf.h">
      <Filter>Fichiers sources</Filter>
    </ClInclude>
    <ClInclude Include="..\Include\PNG\Png\trees.h">
      <Filter>Fichiers sources</Filter>
    </ClInclude>
    <ClInclude Include="..\Include\PNG\Png\zconf.h">
      <Filter>Fichiers sources</Filter>
    </ClInclude>
    <ClInclude Include="..\Include\PNG\Png\zconf.in.h">
      <Filter>Fichiers sources</Filter>
    </ClInclude>
    <ClInclude Include="..\Include\PNG\Png\zlib.h">
      <Filter>Fichiers sources</Filter>
    </ClInclude>
    <ClInclude Include="..\Include\PNG\Png\zutil.h">
      <Filter>Fichiers sources</Filter>
    </ClInclude>
  </ItemGroup>
  <ItemGroup>
    <ClCompile Include="pch.cpp">
      <Filter>Fichiers sources</Filter>
    </ClCompile>
    <ClCompile Include="..\Include\PNG\ChargePngFile.cpp">
      <Filter>Fichiers sources</Filter>
    </ClCompile>
    <ClCompile Include="..\Include\PNG\Espace3UC.cpp">
      <Filter>Fichiers sources</Filter>
    </ClCompile>
    <ClCompile Include="..\Include\PNG\Image.cpp">
      <Filter>Fichiers sources</Filter>
    </ClCompile>
    <ClCompile Include="..\Include\PNG\ImageUtils.cpp">
      <Filter>Fichiers sources</Filter>
    </ClCompile>
    <ClCompile Include="..\Include\PNG\PngFile.cpp">
      <Filter>Fichiers sources</Filter>
    </ClCompile>
    <ClCompile Include="..\Include\PNG\Png\adler32.c">
      <Filter>Fichiers sources</Filter>
    </ClCompile>
    <ClCompile Include="..\Include\PNG\Png\compress.c">
      <Filter>Fichiers sources</Filter>
    </ClCompile>
    <ClCompile Include="..\Include\PNG\Png\crc32.c">
      <Filter>Fichiers sources</Filter>
    </ClCompile>
    <ClCompile Include="..\Include\PNG\Png\deflate.c">
      <Filter>Fichiers sources</Filter>
    </ClCompile>
    <ClCompile Include="..\Include\PNG\Png\gzio.c">
      <Filter>Fichiers sources</Filter>
    </ClCompile>
    <ClCompile Include="..\Include\PNG\Png\infback.c">
      <Filter>Fichiers sources</Filter>
    </ClCompile>
    <ClCompile Include="..\Include\PNG\Png\inffast.c">
      <Filter>Fichiers sources</Filter>
    </ClCompile>
    <ClCompile Include="..\Include\PNG\Png\inflate.c">
      <Filter>Fichiers sources</Filter>
    </ClCompile>
    <ClCompile Include="..\Include\PNG\Png\inftrees.c">
      <Filter>Fichiers sources</Filter>
    </ClCompile>
    <ClCompile Include="..\Include\PNG\Png\png.c">
      <Filter>Fichiers sources</Filter>
    </ClCompile>
    <ClCompile Include="..\Include\PNG\Png\pngerror.c">
      <Filter>Fichiers sources</Filter>
    </ClCompile>
    <ClCompile Include="..\Include\PNG\Png\pngget.c">
      <Filter>Fichiers sources</Filter>
    </ClCompile>
    <ClCompile Include="..\Include\PNG\Png\pngmem.c">
      <Filter>Fichiers sources</Filter>
    </ClCompile>
    <ClCompile Include="..\Include\PNG\Png\pngpread.c">
      <Filter>Fichiers sources</Filter>
    </ClCompile>
    <ClCompile Include="..\Include\PNG\Png\pngread.c">
      <Filter>Fichiers sources</Filter>
    </ClCompile>
    <ClCompile Include="..\Include\PNG\Png\pngrio.c">
      <Filter>Fichiers sources</Filter>
    </ClCompile>
    <ClCompile Include="..\Include\PNG\Png\pngrtran.c">
      <Filter>Fichiers sources</Filter>
    </ClCompile>
    <ClCompile Include="..\Include\PNG\Png\pngrutil.c">
      <Filter>Fichiers sources</Filter>
    </ClCompile>
    <ClCompile Include="..\Include\PNG\Png\pngset.c">
      <Filter>Fichiers sources</Filter>
    </ClCompile>
    <ClCompile Include="..\Include\PNG\Png\pngtrans.c">
      <Filter>Fichiers sources</Filter>
    </ClCompile>
    <ClCompile Include="..\Include\PNG\Png\pngwio.c">
      <Filter>Fichiers sources</Filter>
    </ClCompile>
    <ClCompile Include="..\Include\PNG\Png\pngwrite.c">
      <Filter>Fichiers sources</Filter>
    </ClCompile>
    <ClCompile Include="..\Include\PNG\Png\pngwtran.c">
      <Filter>Fichiers sources</Filter>
    </ClCompile>
    <ClCompile Include="..\Include\PNG\Png\pngwutil.c">
      <Filter>Fichiers sources</Filter>
    </ClCompile>
    <ClCompile Include="..\Include\PNG\Png\trees.c">
      <Filter>Fichiers sources</Filter>
    </ClCompile>
    <ClCompile Include="..\Include\PNG\Png\uncompr.c">
      <Filter>Fichiers sources</Filter>
    </ClCompile>
    <ClCompile Include="..\Include\PNG\Png\zutil.c">
      <Filter>Fichiers sources</Filter>
    </ClCompile>
  </ItemGroup>
</Project>