
Microsoft Visual Studio Solution File, Format Version 12.00
# Visual Studio Version 17
VisualStudioVersion = 17.12.35527.113
MinimumVisualStudioVersion = 10.0.40219.1
Project("{8BC9CEB8-8B4A-11D0-8D11-00A0C91BC942}") = "Titled_Goose_Game", "Titled_Goose_Game.vcxproj", "{368EB85C-46F3-47A2-A6E5-4A970CB2848C}"
	ProjectSection(ProjectDependencies) = postProject
		{51DFDDE4-948D-4C56-BD2E-60C21057A22D} = {51DFDDE4-948D-4C56-BD2E-60C21057A22D}
	EndProjectSection
EndProject
Project("{8BC9CEB8-8B4A-11D0-8D11-00A0C91BC942}") = "LibTexture", "..\LibTexture\LibTexture.vcxproj", "{51DFDDE4-948D-4C56-BD2E-60C21057A22D}"
EndProject
Global
	GlobalSection(SolutionConfigurationPlatforms) = preSolution
		Debug|Win32 = Debug|Win32
		Debug|x64 = Debug|x64
		Debug|x86 = Debug|x86
		Release|Win32 = Release|Win32
		Release|x64 = Release|x64
		Release|x86 = Release|x86
	EndGlobalSection
	GlobalSection(ProjectConfigurationPlatforms) = postSolution
		{368EB85C-46F3-47A2-A6E5-4A970CB2848C}.Debug|Win32.ActiveCfg = Debug|Win32
		{368EB85C-46F3-47A2-A6E5-4A970CB2848C}.Debug|Win32.Build.0 = Debug|Win32
		{368EB85C-46F3-47A2-A6E5-4A970CB2848C}.Debug|x64.ActiveCfg = Debug|x64
		{368EB85C-46F3-47A2-A6E5-4A970CB2848C}.Debug|x64.Build.0 = Debug|x64
		{368EB85C-46F3-47A2-A6E5-4A970CB2848C}.Debug|x86.ActiveCfg = Debug|Win32
		{368EB85C-46F3-47A2-A6E5-4A970CB2848C}.Debug|x86.Build.0 = Debug|Win32
		{368EB85C-46F3-47A2-A6E5-4A970CB2848C}.Release|Win32.ActiveCfg = Release|Win32
		{368EB85C-46F3-47A2-A6E5-4A970CB2848C}.Release|Win32.Build.0 = Release|Win32
		{368EB85C-46F3-47A2-A6E5-4A970CB2848C}.Release|x64.ActiveCfg = Release|Win32
		{368EB85C-46F3-47A2-A6E5-4A970CB2848C}.Release|x64.Build.0 = Release|Win32
		{368EB85C-46F3-47A2-A6E5-4A970CB2848C}.Release|x86.ActiveCfg = Release|Win32
		{368EB85C-46F3-47A2-A6E5-4A970CB2848C}.Release|x86.Build.0 = Release|Win32
		{51DFDDE4-948D-4C56-BD2E-60C21057A22D}.Debug|Win32.ActiveCfg = Debug|Win32
		{51DFDDE4-948D-4C56-BD2E-60C21057A22D}.Debug|Win32.Build.0 = Debug|Win32
		{51DFDDE4-948D-4C56-BD2E-60C21057A22D}.Debug|x64.ActiveCfg = Debug|x64
		{51DFDDE4-948D-4C56-BD2E-60C21057A22D}.Debug|x64.Build.0 = Debug|x64
		{51DFDDE4-948D-4C56-BD2E-60C21057A22D}.Debug|x86.ActiveCfg = Debug|Win32
		{51DFDDE4-948D-4C56-BD2E-60C21057A22D}.Debug|x86.Build.0 = Debug|Win32
		{51DFDDE4-948D-4C56-BD2E-60C21057A22D}.Release|Win32.ActiveCfg = Release|Win32
		{51DFDDE4-948D-4C56-BD2E-60C21057A22D}.Release|Win32.Build.0 = Release|Win32
		{51DFDDE4-948D-4C56-BD2E-60C21057A22D}.Release|x64.ActiveCfg = Release|x64
		{51DFDDE4-948D-4C56-BD2E-60C21057A22D}.Release|x64.Build.0 = Release|x64
		{51DFDDE4-948D-4C56-BD2E-60C21057A22D}.Release|x86.ActiveCfg = Release|Win32
		{51DFDDE4-948D-4C56-BD2E-60C21057A22D}.Release|x86.Build.0 = Release|Win32
	EndGlobalSection
	GlobalSection(SolutionProperties) = preSolution
		HideSolutionNode = FALSE
	EndGlobalSection
EndGlobal
