<?xml version="1.0" encoding="utf-8"?>
<Project ToolsVersion="4.0" xmlns="http://schemas.microsoft.com/developer/msbuild/2003">
  <ItemGroup>
    <Filter Include="Source Files">
      <UniqueIdentifier>{4FC737F1-C7A5-4376-A066-2A32D752A2FF}</UniqueIdentifier>
      <Extensions>cpp;c;cc;cxx;def;odl;idl;hpj;bat;asm;asmx</Extensions>
    </Filter>
    <Filter Include="Header Files">
      <UniqueIdentifier>{93995380-89BD-4b04-88EB-625FBE52EBFB}</UniqueIdentifier>
      <Extensions>h;hh;hpp;hxx;hm;inl;inc;xsd</Extensions>
    </Filter>
    <Filter Include="Resource Files">
      <UniqueIdentifier>{67DA6AB6-F800-4c08-8B7A-83BB121AAD01}</UniqueIdentifier>
      <Extensions>rc;ico;cur;bmp;dlg;rc2;rct;bin;rgs;gif;jpg;jpeg;jpe;resx;tiff;tif;png;wav</Extensions>
    </Filter>
  </ItemGroup>
  <ItemGroup>
    <ClCompile Include="..\src\Jeu_Oie_test.cpp">
      <Filter>Source Files</Filter>
    </ClCompile>
    <ClCompile Include="..\Src\View\Camera\Camera.cpp">
      <Filter>Source Files</Filter>
    </ClCompile>
    <ClCompile Include="..\Src\View\Geometry\Furnitures.cpp">
      <Filter>Source Files</Filter>
    </ClCompile>
    <ClCompile Include="..\Src\View\Geometry\Shapes.cpp">
      <Filter>Source Files</Filter>
    </ClCompile>
    <ClCompile Include="..\Src\View\Geometry\Texture.cpp">
      <Filter>Source Files</Filter>
    </ClCompile>
  </ItemGroup>
  <ItemGroup>
    <ClInclude Include="..\Src\View\Camera\Camera.h">
      <Filter>Header Files</Filter>
    </ClInclude>
    <ClInclude Include="..\Src\View\Colors.h">
      <Filter>Header Files</Filter>
    </ClInclude>
    <ClInclude Include="..\Src\View\Geometry\Furnitures.h">
      <Filter>Header Files</Filter>
    </ClInclude>
    <ClInclude Include="..\Src\View\Geometry\Shapes.h">
      <Filter>Header Files</Filter>
    </ClInclude>
    <ClInclude Include="..\Src\View\Settings.h">
      <Filter>Header Files</Filter>
    </ClInclude>
    <ClInclude Include="..\Include\PNG\ChargePngFile.h">
      <Filter>Header Files</Filter>
    </ClInclude>
    <ClInclude Include="..\Include\PNG\Espace3UC.h">
      <Filter>Header Files</Filter>
    </ClInclude>
    <ClInclude Include="..\Include\PNG\ImageUtils.h">
      <Filter>Header Files</Filter>
    </ClInclude>
    <ClInclude Include="..\Include\PNG\PngFile.h">
      <Filter>Header Files</Filter>
    </ClInclude>
    <ClInclude Include="..\Include\PNG\Png\pngconf.h">
      <Filter>Header Files</Filter>
    </ClInclude>
    <ClInclude Include="..\Include\PNG\Png\trees.h">
      <Filter>Header Files</Filter>
    </ClInclude>
    <ClInclude Include="..\Include\PNG\Png\zconf.h">
      <Filter>Header Files</Filter>
    </ClInclude>
    <ClInclude Include="..\Include\PNG\Png\zconf.in.h">
      <Filter>Header Files</Filter>
    </ClInclude>
    <ClInclude Include="..\Include\PNG\Png\zlib.h">
      <Filter>Header Files</Filter>
    </ClInclude>
    <ClInclude Include="..\Include\PNG\Png\zutil.h">
      <Filter>Header Files</Filter>
    </ClInclude>
    <ClInclude Include="..\Include\PNG\Png\cexcept.h">
      <Filter>Header Files</Filter>
    </ClInclude>
    <ClInclude Include="..\Include\PNG\Png\crc32.h">
      <Filter>Header Files</Filter>
    </ClInclude>
    <ClInclude Include="..\Include\PNG\Png\deflate.h">
      <Filter>Header Files</Filter>
    </ClInclude>
    <ClInclude Include="..\Include\PNG\Png\inffast.h">
      <Filter>Header Files</Filter>
    </ClInclude>
    <ClInclude Include="..\Include\PNG\Png\inffixed.h">
      <Filter>Header Files</Filter>
    </ClInclude>
    <ClInclude Include="..\Include\PNG\Png\inflate.h">
      <Filter>Header Files</Filter>
    </ClInclude>
    <ClInclude Include="..\Include\PNG\Png\inftrees.h">
      <Filter>Header Files</Filter>
    </ClInclude>
    <ClInclude Include="..\Include\PNG\Png\png.h">
      <Filter>Header Files</Filter>
    </ClInclude>
    <ClInclude Include="..\Src\View\Geometry\Texture.h">
      <Filter>Header Files</Filter>
    </ClInclude>
  </ItemGroup>
  <ItemGroup>
    <Library Include="..\Lib\LibTexture.lib">
      <Filter>Resource Files</Filter>
    </Library>
  </ItemGroup>
</Project>